// !$*UTF8*$!
{
	archiveVersion = 1;
	classes = {
	};
	objectVersion = 56;
	objects = {

/* Begin PBXBuildFile section */
		3C3651C62AF31E5800DFE01B /* inAPPSafari.swift in Sources */ = {isa = PBXBuildFile; fileRef = 3C3651C52AF31E5800DFE01B /* inAPPSafari.swift */; };
		3C3651C82AFB777D00DFE01B /* SpaceMission-rgyw9.otf in Resources */ = {isa = PBXBuildFile; fileRef = 3C3651C72AFB777C00DFE01B /* SpaceMission-rgyw9.otf */; };
		3C3651CA2AFB79F400DFE01B /* splashScreen.swift in Sources */ = {isa = PBXBuildFile; fileRef = 3C3651C92AFB79F400DFE01B /* splashScreen.swift */; };
		3C404E3B2AD5541700059C73 /* VideoGameCatalogAppApp.swift in Sources */ = {isa = PBXBuildFile; fileRef = 3C404E3A2AD5541700059C73 /* VideoGameCatalogAppApp.swift */; };
		3C404E3F2AD5541900059C73 /* Assets.xcassets in Resources */ = {isa = PBXBuildFile; fileRef = 3C404E3E2AD5541900059C73 /* Assets.xcassets */; };
		3C404E422AD5541900059C73 /* Preview Assets.xcassets in Resources */ = {isa = PBXBuildFile; fileRef = 3C404E412AD5541900059C73 /* Preview Assets.xcassets */; };
		3C404E492AD554EE00059C73 /* GoogleService-Info.plist in Resources */ = {isa = PBXBuildFile; fileRef = 3C404E482AD554EE00059C73 /* GoogleService-Info.plist */; };
		3C404E4C2AD5558100059C73 /* FirebaseAnalytics in Frameworks */ = {isa = PBXBuildFile; productRef = 3C404E4B2AD5558100059C73 /* FirebaseAnalytics */; };
		3C404E502AD5558100059C73 /* FirebaseAnalyticsSwift in Frameworks */ = {isa = PBXBuildFile; productRef = 3C404E4F2AD5558100059C73 /* FirebaseAnalyticsSwift */; };
		3C404E582AD5558100059C73 /* FirebaseAuth in Frameworks */ = {isa = PBXBuildFile; productRef = 3C404E572AD5558100059C73 /* FirebaseAuth */; };
		3C404E642AD5558100059C73 /* FirebaseFirestore in Frameworks */ = {isa = PBXBuildFile; productRef = 3C404E632AD5558100059C73 /* FirebaseFirestore */; };
		3C404E682AD5558100059C73 /* FirebaseFirestoreSwift in Frameworks */ = {isa = PBXBuildFile; productRef = 3C404E672AD5558100059C73 /* FirebaseFirestoreSwift */; };
		3C404E6D2AD556A300059C73 /* NewsModel.swift in Sources */ = {isa = PBXBuildFile; fileRef = 3C404E6A2AD556A300059C73 /* NewsModel.swift */; };
		3C404E6E2AD556A300059C73 /* VideoGameModel.swift in Sources */ = {isa = PBXBuildFile; fileRef = 3C404E6B2AD556A300059C73 /* VideoGameModel.swift */; };
		3C404E6F2AD556A300059C73 /* userProfileModel.swift in Sources */ = {isa = PBXBuildFile; fileRef = 3C404E6C2AD556A300059C73 /* userProfileModel.swift */; };
		3C404E7E2AD5570700059C73 /* MainBrowseView.swift in Sources */ = {isa = PBXBuildFile; fileRef = 3C404E722AD5570700059C73 /* MainBrowseView.swift */; };
		3C404E7F2AD5570700059C73 /* RegistrationView.swift in Sources */ = {isa = PBXBuildFile; fileRef = 3C404E732AD5570700059C73 /* RegistrationView.swift */; };
		3C404E802AD5570700059C73 /* ProfileInfoView.swift in Sources */ = {isa = PBXBuildFile; fileRef = 3C404E742AD5570700059C73 /* ProfileInfoView.swift */; };
		3C404E812AD5570700059C73 /* RecommendedView.swift in Sources */ = {isa = PBXBuildFile; fileRef = 3C404E752AD5570700059C73 /* RecommendedView.swift */; };
		3C404E822AD5570700059C73 /* HomeView.swift in Sources */ = {isa = PBXBuildFile; fileRef = 3C404E762AD5570700059C73 /* HomeView.swift */; };
		3C404E832AD5570700059C73 /* MainProfileView.swift in Sources */ = {isa = PBXBuildFile; fileRef = 3C404E772AD5570700059C73 /* MainProfileView.swift */; };
		3C404E842AD5570700059C73 /* GameCatalogView.swift in Sources */ = {isa = PBXBuildFile; fileRef = 3C404E782AD5570700059C73 /* GameCatalogView.swift */; };
		3C404E852AD5570700059C73 /* HomeMainView.swift in Sources */ = {isa = PBXBuildFile; fileRef = 3C404E792AD5570700059C73 /* HomeMainView.swift */; };
		3C404E862AD5570700059C73 /* GameContentView.swift in Sources */ = {isa = PBXBuildFile; fileRef = 3C404E7A2AD5570700059C73 /* GameContentView.swift */; };
		3C404E872AD5570700059C73 /* LoginView.swift in Sources */ = {isa = PBXBuildFile; fileRef = 3C404E7B2AD5570700059C73 /* LoginView.swift */; };
		3C404E882AD5570700059C73 /* BrowseSearchView.swift in Sources */ = {isa = PBXBuildFile; fileRef = 3C404E7C2AD5570700059C73 /* BrowseSearchView.swift */; };
		3C404E8B2AD5595900059C73 /* SlidingTabView in Frameworks */ = {isa = PBXBuildFile; productRef = 3C404E8A2AD5595900059C73 /* SlidingTabView */; };
		3C404E8D2AD55A8100059C73 /* configure.swift in Sources */ = {isa = PBXBuildFile; fileRef = 3C404E8C2AD55A8100059C73 /* configure.swift */; };
		3C4DCC262AE4FB00008E36AA /* ParentPlatformModel.swift in Sources */ = {isa = PBXBuildFile; fileRef = 3C4DCC252AE4FB00008E36AA /* ParentPlatformModel.swift */; };
		3C4DCC2B2AE795A0008E36AA /* GamesForPlatformView.swift in Sources */ = {isa = PBXBuildFile; fileRef = 3C4DCC2A2AE795A0008E36AA /* GamesForPlatformView.swift */; };
		3C4DCC2D2AEB936C008E36AA /* ColorPick.swift in Sources */ = {isa = PBXBuildFile; fileRef = 3C4DCC2C2AEB936C008E36AA /* ColorPick.swift */; };
		3C4DCC572AF0523A008E36AA /* PixelifySans-VariableFont_wght.ttf in Resources */ = {isa = PBXBuildFile; fileRef = 3C4DCC562AF0523A008E36AA /* PixelifySans-VariableFont_wght.ttf */; };
		3C4DCC592AF05272008E36AA /* Poppins-Medium.ttf in Resources */ = {isa = PBXBuildFile; fileRef = 3C4DCC582AF05272008E36AA /* Poppins-Medium.ttf */; };
		3C4DCC5B2AF05290008E36AA /* Poppins-SemiBold.ttf in Resources */ = {isa = PBXBuildFile; fileRef = 3C4DCC5A2AF05290008E36AA /* Poppins-SemiBold.ttf */; };
		3C4DCC5E2AF059F4008E36AA /* Poppins-Regular.ttf in Resources */ = {isa = PBXBuildFile; fileRef = 3C4DCC5D2AF059F4008E36AA /* Poppins-Regular.ttf */; };
		3C4DCC602AF0D01D008E36AA /* loginLogout.swift in Sources */ = {isa = PBXBuildFile; fileRef = 3C4DCC5F2AF0D01D008E36AA /* loginLogout.swift */; };
		3C4DCC622AF0D892008E36AA /*  ContentView.swift in Sources */ = {isa = PBXBuildFile; fileRef = 3C4DCC612AF0D892008E36AA /*  ContentView.swift */; };
		3CC1E5222AF187E20065FBC3 /* YoutubeVideoFormat.swift in Sources */ = {isa = PBXBuildFile; fileRef = 3CC1E5212AF187E20065FBC3 /* YoutubeVideoFormat.swift */; };
/* End PBXBuildFile section */

/* Begin PBXFileReference section */
		3C3651C52AF31E5800DFE01B /* inAPPSafari.swift */ = {isa = PBXFileReference; lastKnownFileType = sourcecode.swift; path = inAPPSafari.swift; sourceTree = "<group>"; };
		3C3651C72AFB777C00DFE01B /* SpaceMission-rgyw9.otf */ = {isa = PBXFileReference; lastKnownFileType = file; path = "SpaceMission-rgyw9.otf"; sourceTree = "<group>"; };
		3C3651C92AFB79F400DFE01B /* splashScreen.swift */ = {isa = PBXFileReference; lastKnownFileType = sourcecode.swift; path = splashScreen.swift; sourceTree = "<group>"; };
		3C404E372AD5541700059C73 /* VideoGameCatalogApp.app */ = {isa = PBXFileReference; explicitFileType = wrapper.application; includeInIndex = 0; path = VideoGameCatalogApp.app; sourceTree = BUILT_PRODUCTS_DIR; };
		3C404E3A2AD5541700059C73 /* VideoGameCatalogAppApp.swift */ = {isa = PBXFileReference; lastKnownFileType = sourcecode.swift; path = VideoGameCatalogAppApp.swift; sourceTree = "<group>"; };
		3C404E3E2AD5541900059C73 /* Assets.xcassets */ = {isa = PBXFileReference; lastKnownFileType = folder.assetcatalog; path = Assets.xcassets; sourceTree = "<group>"; };
		3C404E412AD5541900059C73 /* Preview Assets.xcassets */ = {isa = PBXFileReference; lastKnownFileType = folder.assetcatalog; path = "Preview Assets.xcassets"; sourceTree = "<group>"; };
		3C404E482AD554EE00059C73 /* GoogleService-Info.plist */ = {isa = PBXFileReference; fileEncoding = 4; lastKnownFileType = text.plist.xml; path = "GoogleService-Info.plist"; sourceTree = "<group>"; };
		3C404E6A2AD556A300059C73 /* NewsModel.swift */ = {isa = PBXFileReference; fileEncoding = 4; lastKnownFileType = sourcecode.swift; path = NewsModel.swift; sourceTree = "<group>"; };
		3C404E6B2AD556A300059C73 /* VideoGameModel.swift */ = {isa = PBXFileReference; fileEncoding = 4; lastKnownFileType = sourcecode.swift; path = VideoGameModel.swift; sourceTree = "<group>"; };
		3C404E6C2AD556A300059C73 /* userProfileModel.swift */ = {isa = PBXFileReference; fileEncoding = 4; lastKnownFileType = sourcecode.swift; path = userProfileModel.swift; sourceTree = "<group>"; };
		3C404E722AD5570700059C73 /* MainBrowseView.swift */ = {isa = PBXFileReference; fileEncoding = 4; lastKnownFileType = sourcecode.swift; path = MainBrowseView.swift; sourceTree = "<group>"; };
		3C404E732AD5570700059C73 /* RegistrationView.swift */ = {isa = PBXFileReference; fileEncoding = 4; lastKnownFileType = sourcecode.swift; path = RegistrationView.swift; sourceTree = "<group>"; };
		3C404E742AD5570700059C73 /* ProfileInfoView.swift */ = {isa = PBXFileReference; fileEncoding = 4; lastKnownFileType = sourcecode.swift; path = ProfileInfoView.swift; sourceTree = "<group>"; };
		3C404E752AD5570700059C73 /* RecommendedView.swift */ = {isa = PBXFileReference; fileEncoding = 4; lastKnownFileType = sourcecode.swift; path = RecommendedView.swift; sourceTree = "<group>"; };
		3C404E762AD5570700059C73 /* HomeView.swift */ = {isa = PBXFileReference; fileEncoding = 4; lastKnownFileType = sourcecode.swift; path = HomeView.swift; sourceTree = "<group>"; };
		3C404E772AD5570700059C73 /* MainProfileView.swift */ = {isa = PBXFileReference; fileEncoding = 4; lastKnownFileType = sourcecode.swift; path = MainProfileView.swift; sourceTree = "<group>"; };
		3C404E782AD5570700059C73 /* GameCatalogView.swift */ = {isa = PBXFileReference; fileEncoding = 4; lastKnownFileType = sourcecode.swift; path = GameCatalogView.swift; sourceTree = "<group>"; };
		3C404E792AD5570700059C73 /* HomeMainView.swift */ = {isa = PBXFileReference; fileEncoding = 4; lastKnownFileType = sourcecode.swift; path = HomeMainView.swift; sourceTree = "<group>"; };
		3C404E7A2AD5570700059C73 /* GameContentView.swift */ = {isa = PBXFileReference; fileEncoding = 4; lastKnownFileType = sourcecode.swift; path = GameContentView.swift; sourceTree = "<group>"; };
		3C404E7B2AD5570700059C73 /* LoginView.swift */ = {isa = PBXFileReference; fileEncoding = 4; lastKnownFileType = sourcecode.swift; path = LoginView.swift; sourceTree = "<group>"; };
		3C404E7C2AD5570700059C73 /* BrowseSearchView.swift */ = {isa = PBXFileReference; fileEncoding = 4; lastKnownFileType = sourcecode.swift; path = BrowseSearchView.swift; sourceTree = "<group>"; };
		3C404E8C2AD55A8100059C73 /* configure.swift */ = {isa = PBXFileReference; fileEncoding = 4; lastKnownFileType = sourcecode.swift; path = configure.swift; sourceTree = "<group>"; };
		3C4DCC252AE4FB00008E36AA /* ParentPlatformModel.swift */ = {isa = PBXFileReference; lastKnownFileType = sourcecode.swift; path = ParentPlatformModel.swift; sourceTree = "<group>"; };
		3C4DCC2A2AE795A0008E36AA /* GamesForPlatformView.swift */ = {isa = PBXFileReference; lastKnownFileType = sourcecode.swift; path = GamesForPlatformView.swift; sourceTree = "<group>"; };
		3C4DCC2C2AEB936C008E36AA /* ColorPick.swift */ = {isa = PBXFileReference; lastKnownFileType = sourcecode.swift; path = ColorPick.swift; sourceTree = "<group>"; };
		3C4DCC562AF0523A008E36AA /* PixelifySans-VariableFont_wght.ttf */ = {isa = PBXFileReference; lastKnownFileType = file; path = "PixelifySans-VariableFont_wght.ttf"; sourceTree = "<group>"; };
		3C4DCC582AF05272008E36AA /* Poppins-Medium.ttf */ = {isa = PBXFileReference; lastKnownFileType = file; path = "Poppins-Medium.ttf"; sourceTree = "<group>"; };
		3C4DCC5A2AF05290008E36AA /* Poppins-SemiBold.ttf */ = {isa = PBXFileReference; lastKnownFileType = file; path = "Poppins-SemiBold.ttf"; sourceTree = "<group>"; };
		3C4DCC5C2AF0566B008E36AA /* Info.plist */ = {isa = PBXFileReference; lastKnownFileType = text.plist; path = Info.plist; sourceTree = "<group>"; };
		3C4DCC5D2AF059F4008E36AA /* Poppins-Regular.ttf */ = {isa = PBXFileReference; lastKnownFileType = file; path = "Poppins-Regular.ttf"; sourceTree = "<group>"; };
		3C4DCC5F2AF0D01D008E36AA /* loginLogout.swift */ = {isa = PBXFileReference; lastKnownFileType = sourcecode.swift; path = loginLogout.swift; sourceTree = "<group>"; };
		3C4DCC612AF0D892008E36AA /*  ContentView.swift */ = {isa = PBXFileReference; lastKnownFileType = sourcecode.swift; path = " ContentView.swift"; sourceTree = "<group>"; };
		3CC1E5212AF187E20065FBC3 /* YoutubeVideoFormat.swift */ = {isa = PBXFileReference; lastKnownFileType = sourcecode.swift; path = YoutubeVideoFormat.swift; sourceTree = "<group>"; };
/* End PBXFileReference section */

/* Begin PBXFrameworksBuildPhase section */
		3C404E342AD5541700059C73 /* Frameworks */ = {
			isa = PBXFrameworksBuildPhase;
			buildActionMask = 2147483647;
			files = (
				3C404E8B2AD5595900059C73 /* SlidingTabView in Frameworks */,
				3C404E642AD5558100059C73 /* FirebaseFirestore in Frameworks */,
				3C404E502AD5558100059C73 /* FirebaseAnalyticsSwift in Frameworks */,
				3C404E4C2AD5558100059C73 /* FirebaseAnalytics in Frameworks */,
				3C404E682AD5558100059C73 /* FirebaseFirestoreSwift in Frameworks */,
				3C404E582AD5558100059C73 /* FirebaseAuth in Frameworks */,
			);
			runOnlyForDeploymentPostprocessing = 0;
		};
/* End PBXFrameworksBuildPhase section */

/* Begin PBXGroup section */
		3C404E2E2AD5541700059C73 = {
			isa = PBXGroup;
			children = (
				3C404E392AD5541700059C73 /* VideoGameCatalogApp */,
				3C404E382AD5541700059C73 /* Products */,
			);
			sourceTree = "<group>";
		};
		3C404E382AD5541700059C73 /* Products */ = {
			isa = PBXGroup;
			children = (
				3C404E372AD5541700059C73 /* VideoGameCatalogApp.app */,
			);
			name = Products;
			sourceTree = "<group>";
		};
		3C404E392AD5541700059C73 /* VideoGameCatalogApp */ = {
			isa = PBXGroup;
			children = (
				3C4DCC5C2AF0566B008E36AA /* Info.plist */,
				3C4DCC552AF05067008E36AA /* Fonts */,
				3C404E702AD5570700059C73 /* Views */,
				3C404E692AD556A300059C73 /* Models */,
				3C404E482AD554EE00059C73 /* GoogleService-Info.plist */,
				3C404E3E2AD5541900059C73 /* Assets.xcassets */,
				3C404E402AD5541900059C73 /* Preview Content */,
			);
			path = VideoGameCatalogApp;
			sourceTree = "<group>";
		};
		3C404E402AD5541900059C73 /* Preview Content */ = {
			isa = PBXGroup;
			children = (
				3C404E412AD5541900059C73 /* Preview Assets.xcassets */,
			);
			path = "Preview Content";
			sourceTree = "<group>";
		};
		3C404E692AD556A300059C73 /* Models */ = {
			isa = PBXGroup;
			children = (
				3C404E8C2AD55A8100059C73 /* configure.swift */,
				3C404E6A2AD556A300059C73 /* NewsModel.swift */,
				3C404E6B2AD556A300059C73 /* VideoGameModel.swift */,
				3C404E6C2AD556A300059C73 /* userProfileModel.swift */,
				3C4DCC252AE4FB00008E36AA /* ParentPlatformModel.swift */,
				3C4DCC2C2AEB936C008E36AA /* ColorPick.swift */,
				3C4DCC5F2AF0D01D008E36AA /* loginLogout.swift */,
				3CC1E5212AF187E20065FBC3 /* YoutubeVideoFormat.swift */,
				3C3651C52AF31E5800DFE01B /* inAPPSafari.swift */,
			);
			path = Models;
			sourceTree = "<group>";
		};
		3C404E702AD5570700059C73 /* Views */ = {
			isa = PBXGroup;
			children = (
				3C404E722AD5570700059C73 /* MainBrowseView.swift */,
				3C404E3A2AD5541700059C73 /* VideoGameCatalogAppApp.swift */,
				3C404E732AD5570700059C73 /* RegistrationView.swift */,
				3C404E742AD5570700059C73 /* ProfileInfoView.swift */,
				3C404E752AD5570700059C73 /* RecommendedView.swift */,
				3C404E762AD5570700059C73 /* HomeView.swift */,
				3C404E772AD5570700059C73 /* MainProfileView.swift */,
				3C404E782AD5570700059C73 /* GameCatalogView.swift */,
				3C404E792AD5570700059C73 /* HomeMainView.swift */,
				3C404E7A2AD5570700059C73 /* GameContentView.swift */,
				3C404E7B2AD5570700059C73 /* LoginView.swift */,
				3C404E7C2AD5570700059C73 /* BrowseSearchView.swift */,
				3C4DCC2A2AE795A0008E36AA /* GamesForPlatformView.swift */,
				3C4DCC612AF0D892008E36AA /*  ContentView.swift */,
				3C3651C92AFB79F400DFE01B /* splashScreen.swift */,
			);
			path = Views;
			sourceTree = "<group>";
		};
		3C4DCC552AF05067008E36AA /* Fonts */ = {
			isa = PBXGroup;
			children = (
				3C3651C72AFB777C00DFE01B /* SpaceMission-rgyw9.otf */,
				3C4DCC5D2AF059F4008E36AA /* Poppins-Regular.ttf */,
				3C4DCC5A2AF05290008E36AA /* Poppins-SemiBold.ttf */,
				3C4DCC582AF05272008E36AA /* Poppins-Medium.ttf */,
				3C4DCC562AF0523A008E36AA /* PixelifySans-VariableFont_wght.ttf */,
			);
			path = Fonts;
			sourceTree = "<group>";
		};
/* End PBXGroup section */

/* Begin PBXNativeTarget section */
		3C404E362AD5541700059C73 /* VideoGameCatalogApp */ = {
			isa = PBXNativeTarget;
			buildConfigurationList = 3C404E452AD5541900059C73 /* Build configuration list for PBXNativeTarget "VideoGameCatalogApp" */;
			buildPhases = (
				3C404E332AD5541700059C73 /* Sources */,
				3C404E342AD5541700059C73 /* Frameworks */,
				3C404E352AD5541700059C73 /* Resources */,
			);
			buildRules = (
			);
			dependencies = (
			);
			name = VideoGameCatalogApp;
			packageProductDependencies = (
				3C404E4B2AD5558100059C73 /* FirebaseAnalytics */,
				3C404E4F2AD5558100059C73 /* FirebaseAnalyticsSwift */,
				3C404E572AD5558100059C73 /* FirebaseAuth */,
				3C404E632AD5558100059C73 /* FirebaseFirestore */,
				3C404E672AD5558100059C73 /* FirebaseFirestoreSwift */,
				3C404E8A2AD5595900059C73 /* SlidingTabView */,
			);
			productName = VideoGameCatalogApp;
			productReference = 3C404E372AD5541700059C73 /* VideoGameCatalogApp.app */;
			productType = "com.apple.product-type.application";
		};
/* End PBXNativeTarget section */

/* Begin PBXProject section */
		3C404E2F2AD5541700059C73 /* Project object */ = {
			isa = PBXProject;
			attributes = {
				BuildIndependentTargetsInParallel = 1;
				LastSwiftUpdateCheck = 1500;
				LastUpgradeCheck = 1500;
				TargetAttributes = {
					3C404E362AD5541700059C73 = {
						CreatedOnToolsVersion = 15.0;
					};
				};
			};
			buildConfigurationList = 3C404E322AD5541700059C73 /* Build configuration list for PBXProject "VideoGameCatalogApp" */;
			compatibilityVersion = "Xcode 14.0";
			developmentRegion = en;
			hasScannedForEncodings = 0;
			knownRegions = (
				en,
				Base,
			);
			mainGroup = 3C404E2E2AD5541700059C73;
			packageReferences = (
				3C404E4A2AD5558100059C73 /* XCRemoteSwiftPackageReference "firebase-ios-sdk" */,
				3C404E892AD5595900059C73 /* XCRemoteSwiftPackageReference "SlidingTabView" */,
			);
			productRefGroup = 3C404E382AD5541700059C73 /* Products */;
			projectDirPath = "";
			projectRoot = "";
			targets = (
				3C404E362AD5541700059C73 /* VideoGameCatalogApp */,
			);
		};
/* End PBXProject section */

/* Begin PBXResourcesBuildPhase section */
		3C404E352AD5541700059C73 /* Resources */ = {
			isa = PBXResourcesBuildPhase;
			buildActionMask = 2147483647;
			files = (
				3C4DCC572AF0523A008E36AA /* PixelifySans-VariableFont_wght.ttf in Resources */,
				3C404E422AD5541900059C73 /* Preview Assets.xcassets in Resources */,
				3C3651C82AFB777D00DFE01B /* SpaceMission-rgyw9.otf in Resources */,
				3C4DCC5E2AF059F4008E36AA /* Poppins-Regular.ttf in Resources */,
				3C404E492AD554EE00059C73 /* GoogleService-Info.plist in Resources */,
				3C4DCC5B2AF05290008E36AA /* Poppins-SemiBold.ttf in Resources */,
				3C404E3F2AD5541900059C73 /* Assets.xcassets in Resources */,
				3C4DCC592AF05272008E36AA /* Poppins-Medium.ttf in Resources */,
			);
			runOnlyForDeploymentPostprocessing = 0;
		};
/* End PBXResourcesBuildPhase section */

/* Begin PBXSourcesBuildPhase section */
		3C404E332AD5541700059C73 /* Sources */ = {
			isa = PBXSourcesBuildPhase;
			buildActionMask = 2147483647;
			files = (
				3C3651CA2AFB79F400DFE01B /* splashScreen.swift in Sources */,
				3C404E852AD5570700059C73 /* HomeMainView.swift in Sources */,
				3C404E812AD5570700059C73 /* RecommendedView.swift in Sources */,
				3C4DCC2D2AEB936C008E36AA /* ColorPick.swift in Sources */,
				3C404E872AD5570700059C73 /* LoginView.swift in Sources */,
				3CC1E5222AF187E20065FBC3 /* YoutubeVideoFormat.swift in Sources */,
				3C404E862AD5570700059C73 /* GameContentView.swift in Sources */,
				3C4DCC262AE4FB00008E36AA /* ParentPlatformModel.swift in Sources */,
				3C404E802AD5570700059C73 /* ProfileInfoView.swift in Sources */,
				3C404E6D2AD556A300059C73 /* NewsModel.swift in Sources */,
				3C404E6E2AD556A300059C73 /* VideoGameModel.swift in Sources */,
				3C404E832AD5570700059C73 /* MainProfileView.swift in Sources */,
				3C404E822AD5570700059C73 /* HomeView.swift in Sources */,
				3C4DCC602AF0D01D008E36AA /* loginLogout.swift in Sources */,
				3C404E882AD5570700059C73 /* BrowseSearchView.swift in Sources */,
				3C404E7E2AD5570700059C73 /* MainBrowseView.swift in Sources */,
				3C404E6F2AD556A300059C73 /* userProfileModel.swift in Sources */,
				3C4DCC2B2AE795A0008E36AA /* GamesForPlatformView.swift in Sources */,
				3C4DCC622AF0D892008E36AA /*  ContentView.swift in Sources */,
				3C404E8D2AD55A8100059C73 /* configure.swift in Sources */,
				3C404E3B2AD5541700059C73 /* VideoGameCatalogAppApp.swift in Sources */,
				3C404E842AD5570700059C73 /* GameCatalogView.swift in Sources */,
				3C3651C62AF31E5800DFE01B /* inAPPSafari.swift in Sources */,
				3C404E7F2AD5570700059C73 /* RegistrationView.swift in Sources */,
			);
			runOnlyForDeploymentPostprocessing = 0;
		};
/* End PBXSourcesBuildPhase section */

/* Begin XCBuildConfiguration section */
		3C404E432AD5541900059C73 /* Debug */ = {
			isa = XCBuildConfiguration;
			buildSettings = {
				ALWAYS_SEARCH_USER_PATHS = NO;
				ASSETCATALOG_COMPILER_GENERATE_SWIFT_ASSET_SYMBOL_EXTENSIONS = YES;
				CLANG_ANALYZER_NONNULL = YES;
				CLANG_ANALYZER_NUMBER_OBJECT_CONVERSION = YES_AGGRESSIVE;
				CLANG_CXX_LANGUAGE_STANDARD = "gnu++20";
				CLANG_ENABLE_MODULES = YES;
				CLANG_ENABLE_OBJC_ARC = YES;
				CLANG_ENABLE_OBJC_WEAK = YES;
				CLANG_WARN_BLOCK_CAPTURE_AUTORELEASING = YES;
				CLANG_WARN_BOOL_CONVERSION = YES;
				CLANG_WARN_COMMA = YES;
				CLANG_WARN_CONSTANT_CONVERSION = YES;
				CLANG_WARN_DEPRECATED_OBJC_IMPLEMENTATIONS = YES;
				CLANG_WARN_DIRECT_OBJC_ISA_USAGE = YES_ERROR;
				CLANG_WARN_DOCUMENTATION_COMMENTS = YES;
				CLANG_WARN_EMPTY_BODY = YES;
				CLANG_WARN_ENUM_CONVERSION = YES;
				CLANG_WARN_INFINITE_RECURSION = YES;
				CLANG_WARN_INT_CONVERSION = YES;
				CLANG_WARN_NON_LITERAL_NULL_CONVERSION = YES;
				CLANG_WARN_OBJC_IMPLICIT_RETAIN_SELF = YES;
				CLANG_WARN_OBJC_LITERAL_CONVERSION = YES;
				CLANG_WARN_OBJC_ROOT_CLASS = YES_ERROR;
				CLANG_WARN_QUOTED_INCLUDE_IN_FRAMEWORK_HEADER = YES;
				CLANG_WARN_RANGE_LOOP_ANALYSIS = YES;
				CLANG_WARN_STRICT_PROTOTYPES = YES;
				CLANG_WARN_SUSPICIOUS_MOVE = YES;
				CLANG_WARN_UNGUARDED_AVAILABILITY = YES_AGGRESSIVE;
				CLANG_WARN_UNREACHABLE_CODE = YES;
				CLANG_WARN__DUPLICATE_METHOD_MATCH = YES;
				COPY_PHASE_STRIP = NO;
				DEBUG_INFORMATION_FORMAT = dwarf;
				ENABLE_STRICT_OBJC_MSGSEND = YES;
				ENABLE_TESTABILITY = YES;
				ENABLE_USER_SCRIPT_SANDBOXING = YES;
				GCC_C_LANGUAGE_STANDARD = gnu17;
				GCC_DYNAMIC_NO_PIC = NO;
				GCC_NO_COMMON_BLOCKS = YES;
				GCC_OPTIMIZATION_LEVEL = 0;
				GCC_PREPROCESSOR_DEFINITIONS = (
					"DEBUG=1",
					"$(inherited)",
				);
				GCC_WARN_64_TO_32_BIT_CONVERSION = YES;
				GCC_WARN_ABOUT_RETURN_TYPE = YES_ERROR;
				GCC_WARN_UNDECLARED_SELECTOR = YES;
				GCC_WARN_UNINITIALIZED_AUTOS = YES_AGGRESSIVE;
				GCC_WARN_UNUSED_FUNCTION = YES;
				GCC_WARN_UNUSED_VARIABLE = YES;
				IPHONEOS_DEPLOYMENT_TARGET = 17.0;
				LOCALIZATION_PREFERS_STRING_CATALOGS = YES;
				MTL_ENABLE_DEBUG_INFO = INCLUDE_SOURCE;
				MTL_FAST_MATH = YES;
				ONLY_ACTIVE_ARCH = YES;
				SDKROOT = iphoneos;
				SWIFT_ACTIVE_COMPILATION_CONDITIONS = "DEBUG $(inherited)";
				SWIFT_OPTIMIZATION_LEVEL = "-Onone";
			};
			name = Debug;
		};
		3C404E442AD5541900059C73 /* Release */ = {
			isa = XCBuildConfiguration;
			buildSettings = {
				ALWAYS_SEARCH_USER_PATHS = NO;
				ASSETCATALOG_COMPILER_GENERATE_SWIFT_ASSET_SYMBOL_EXTENSIONS = YES;
				CLANG_ANALYZER_NONNULL = YES;
				CLANG_ANALYZER_NUMBER_OBJECT_CONVERSION = YES_AGGRESSIVE;
				CLANG_CXX_LANGUAGE_STANDARD = "gnu++20";
				CLANG_ENABLE_MODULES = YES;
				CLANG_ENABLE_OBJC_ARC = YES;
				CLANG_ENABLE_OBJC_WEAK = YES;
				CLANG_WARN_BLOCK_CAPTURE_AUTORELEASING = YES;
				CLANG_WARN_BOOL_CONVERSION = YES;
				CLANG_WARN_COMMA = YES;
				CLANG_WARN_CONSTANT_CONVERSION = YES;
				CLANG_WARN_DEPRECATED_OBJC_IMPLEMENTATIONS = YES;
				CLANG_WARN_DIRECT_OBJC_ISA_USAGE = YES_ERROR;
				CLANG_WARN_DOCUMENTATION_COMMENTS = YES;
				CLANG_WARN_EMPTY_BODY = YES;
				CLANG_WARN_ENUM_CONVERSION = YES;
				CLANG_WARN_INFINITE_RECURSION = YES;
				CLANG_WARN_INT_CONVERSION = YES;
				CLANG_WARN_NON_LITERAL_NULL_CONVERSION = YES;
				CLANG_WARN_OBJC_IMPLICIT_RETAIN_SELF = YES;
				CLANG_WARN_OBJC_LITERAL_CONVERSION = YES;
				CLANG_WARN_OBJC_ROOT_CLASS = YES_ERROR;
				CLANG_WARN_QUOTED_INCLUDE_IN_FRAMEWORK_HEADER = YES;
				CLANG_WARN_RANGE_LOOP_ANALYSIS = YES;
				CLANG_WARN_STRICT_PROTOTYPES = YES;
				CLANG_WARN_SUSPICIOUS_MOVE = YES;
				CLANG_WARN_UNGUARDED_AVAILABILITY = YES_AGGRESSIVE;
				CLANG_WARN_UNREACHABLE_CODE = YES;
				CLANG_WARN__DUPLICATE_METHOD_MATCH = YES;
				COPY_PHASE_STRIP = NO;
				DEBUG_INFORMATION_FORMAT = "dwarf-with-dsym";
				ENABLE_NS_ASSERTIONS = NO;
				ENABLE_STRICT_OBJC_MSGSEND = YES;
				ENABLE_USER_SCRIPT_SANDBOXING = YES;
				GCC_C_LANGUAGE_STANDARD = gnu17;
				GCC_NO_COMMON_BLOCKS = YES;
				GCC_WARN_64_TO_32_BIT_CONVERSION = YES;
				GCC_WARN_ABOUT_RETURN_TYPE = YES_ERROR;
				GCC_WARN_UNDECLARED_SELECTOR = YES;
				GCC_WARN_UNINITIALIZED_AUTOS = YES_AGGRESSIVE;
				GCC_WARN_UNUSED_FUNCTION = YES;
				GCC_WARN_UNUSED_VARIABLE = YES;
				IPHONEOS_DEPLOYMENT_TARGET = 17.0;
				LOCALIZATION_PREFERS_STRING_CATALOGS = YES;
				MTL_ENABLE_DEBUG_INFO = NO;
				MTL_FAST_MATH = YES;
				SDKROOT = iphoneos;
				SWIFT_COMPILATION_MODE = wholemodule;
				VALIDATE_PRODUCT = YES;
			};
			name = Release;
		};
		3C404E462AD5541900059C73 /* Debug */ = {
			isa = XCBuildConfiguration;
			buildSettings = {
				ASSETCATALOG_COMPILER_APPICON_NAME = AppIcon;
				ASSETCATALOG_COMPILER_GLOBAL_ACCENT_COLOR_NAME = AccentColor;
				CODE_SIGN_STYLE = Automatic;
				CURRENT_PROJECT_VERSION = 1;
				DEVELOPMENT_ASSET_PATHS = "\"VideoGameCatalogApp/Preview Content\"";
				DEVELOPMENT_TEAM = DF629ZWDZR;
				ENABLE_PREVIEWS = YES;
				GENERATE_INFOPLIST_FILE = YES;
				INFOPLIST_FILE = VideoGameCatalogApp/Info.plist;
				INFOPLIST_KEY_UIApplicationSceneManifest_Generation = YES;
				INFOPLIST_KEY_UIApplicationSupportsIndirectInputEvents = YES;
				INFOPLIST_KEY_UILaunchScreen_Generation = YES;
				INFOPLIST_KEY_UISupportedInterfaceOrientations_iPad = "UIInterfaceOrientationPortrait UIInterfaceOrientationPortraitUpsideDown UIInterfaceOrientationLandscapeLeft UIInterfaceOrientationLandscapeRight";
				INFOPLIST_KEY_UISupportedInterfaceOrientations_iPhone = "UIInterfaceOrientationPortrait UIInterfaceOrientationLandscapeLeft UIInterfaceOrientationLandscapeRight";
				LD_RUNPATH_SEARCH_PATHS = (
					"$(inherited)",
					"@executable_path/Frameworks",
				);
				MARKETING_VERSION = 1.0;
				PRODUCT_BUNDLE_IDENTIFIER = cpp.VideoGameCatalogApp;
				PRODUCT_NAME = "$(TARGET_NAME)";
				SWIFT_EMIT_LOC_STRINGS = YES;
				SWIFT_VERSION = 5.0;
				TARGETED_DEVICE_FAMILY = "1,2";
			};
			name = Debug;
		};
		3C404E472AD5541900059C73 /* Release */ = {
			isa = XCBuildConfiguration;
			buildSettings = {
				ASSETCATALOG_COMPILER_APPICON_NAME = AppIcon;
				ASSETCATALOG_COMPILER_GLOBAL_ACCENT_COLOR_NAME = AccentColor;
				CODE_SIGN_STYLE = Automatic;
				CURRENT_PROJECT_VERSION = 1;
				DEVELOPMENT_ASSET_PATHS = "\"VideoGameCatalogApp/Preview Content\"";
				DEVELOPMENT_TEAM = DF629ZWDZR;
				ENABLE_PREVIEWS = YES;
				GENERATE_INFOPLIST_FILE = YES;
				INFOPLIST_FILE = VideoGameCatalogApp/Info.plist;
				INFOPLIST_KEY_UIApplicationSceneManifest_Generation = YES;
				INFOPLIST_KEY_UIApplicationSupportsIndirectInputEvents = YES;
				INFOPLIST_KEY_UILaunchScreen_Generation = YES;
				INFOPLIST_KEY_UISupportedInterfaceOrientations_iPad = "UIInterfaceOrientationPortrait UIInterfaceOrientationPortraitUpsideDown UIInterfaceOrientationLandscapeLeft UIInterfaceOrientationLandscapeRight";
				INFOPLIST_KEY_UISupportedInterfaceOrientations_iPhone = "UIInterfaceOrientationPortrait UIInterfaceOrientationLandscapeLeft UIInterfaceOrientationLandscapeRight";
				LD_RUNPATH_SEARCH_PATHS = (
					"$(inherited)",
					"@executable_path/Frameworks",
				);
				MARKETING_VERSION = 1.0;
				PRODUCT_BUNDLE_IDENTIFIER = cpp.VideoGameCatalogApp;
				PRODUCT_NAME = "$(TARGET_NAME)";
				SWIFT_EMIT_LOC_STRINGS = YES;
				SWIFT_VERSION = 5.0;
				TARGETED_DEVICE_FAMILY = "1,2";
			};
			name = Release;
		};
/* End XCBuildConfiguration section */

/* Begin XCConfigurationList section */
		3C404E322AD5541700059C73 /* Build configuration list for PBXProject "VideoGameCatalogApp" */ = {
			isa = XCConfigurationList;
			buildConfigurations = (
				3C404E432AD5541900059C73 /* Debug */,
				3C404E442AD5541900059C73 /* Release */,
			);
			defaultConfigurationIsVisible = 0;
			defaultConfigurationName = Release;
		};
		3C404E452AD5541900059C73 /* Build configuration list for PBXNativeTarget "VideoGameCatalogApp" */ = {
			isa = XCConfigurationList;
			buildConfigurations = (
				3C404E462AD5541900059C73 /* Debug */,
				3C404E472AD5541900059C73 /* Release */,
			);
			defaultConfigurationIsVisible = 0;
			defaultConfigurationName = Release;
		};
/* End XCConfigurationList section */

/* Begin XCRemoteSwiftPackageReference section */
		3C404E4A2AD5558100059C73 /* XCRemoteSwiftPackageReference "firebase-ios-sdk" */ = {
			isa = XCRemoteSwiftPackageReference;
			repositoryURL = "https://github.com/firebase/firebase-ios-sdk";
			requirement = {
				kind = upToNextMajorVersion;
				minimumVersion = 10.16.0;
			};
		};
		3C404E892AD5595900059C73 /* XCRemoteSwiftPackageReference "SlidingTabView" */ = {
			isa = XCRemoteSwiftPackageReference;
			repositoryURL = "https://github.com/QuynhNguyen/SlidingTabView.git";
			requirement = {
				kind = upToNextMajorVersion;
				minimumVersion = 1.0.2;
			};
		};
/* End XCRemoteSwiftPackageReference section */

/* Begin XCSwiftPackageProductDependency section */
		3C404E4B2AD5558100059C73 /* FirebaseAnalytics */ = {
			isa = XCSwiftPackageProductDependency;
			package = 3C404E4A2AD5558100059C73 /* XCRemoteSwiftPackageReference "firebase-ios-sdk" */;
			productName = FirebaseAnalytics;
		};
		3C404E4F2AD5558100059C73 /* FirebaseAnalyticsSwift */ = {
			isa = XCSwiftPackageProductDependency;
			package = 3C404E4A2AD5558100059C73 /* XCRemoteSwiftPackageReference "firebase-ios-sdk" */;
			productName = FirebaseAnalyticsSwift;
		};
		3C404E572AD5558100059C73 /* FirebaseAuth */ = {
			isa = XCSwiftPackageProductDependency;
			package = 3C404E4A2AD5558100059C73 /* XCRemoteSwiftPackageReference "firebase-ios-sdk" */;
			productName = FirebaseAuth;
		};
		3C404E632AD5558100059C73 /* FirebaseFirestore */ = {
			isa = XCSwiftPackageProductDependency;
			package = 3C404E4A2AD5558100059C73 /* XCRemoteSwiftPackageReference "firebase-ios-sdk" */;
			productName = FirebaseFirestore;
		};
		3C404E672AD5558100059C73 /* FirebaseFirestoreSwift */ = {
			isa = XCSwiftPackageProductDependency;
			package = 3C404E4A2AD5558100059C73 /* XCRemoteSwiftPackageReference "firebase-ios-sdk" */;
			productName = FirebaseFirestoreSwift;
		};
		3C404E8A2AD5595900059C73 /* SlidingTabView */ = {
			isa = XCSwiftPackageProductDependency;
			package = 3C404E892AD5595900059C73 /* XCRemoteSwiftPackageReference "SlidingTabView" */;
			productName = SlidingTabView;
		};
/* End XCSwiftPackageProductDependency section */
	};
	rootObject = 3C404E2F2AD5541700059C73 /* Project object */;
}
